{
    "requires": true,
    "lockfileVersion": 1,
    "dependencies": {
        "bootstrap": {
            "version": "4.1.1",
            "resolved": "https://registry.npmjs.org/bootstrap/-/bootstrap-4.1.1.tgz",
            "integrity": "sha512-SpiDSOcbg4J/PjVSt4ny5eY6j74VbVSjROY4Fb/WIUXBV9cnb5luyR4KnPvNoXuGnBK1T+nJIWqRsvU3yP8Mcg==",
            "dev": true
        },
        "validate.js": {
            "version": "0.12.0",
            "resolved": "https://registry.npmjs.org/validate.js/-/validate.js-0.12.0.tgz",
            "integrity": "sha512-/x2RJSvbqEyxKj0RPN4xaRquK+EggjeVXiDDEyrJzsJogjtiZ9ov7lj/svVb4DM5Q5braQF4cooAryQbUwOxlA=="
        }
    }
}
